
Microsoft Visual Studio Solution File, Format Version 12.00
# Visual Studio 15
VisualStudioVersion = 15.0.28307.136
MinimumVisualStudioVersion = 10.0.40219.1
Project("{9A19103F-16F7-4668-BE54-9A1E7A4F7556}") = "NHS111.Domain.Dos.Api", "NHS111.Domain.Dos.Api\NHS111.Domain.Dos.Api.csproj", "{AB207431-1698-4E1B-9A29-9C7AA6DDE9CB}"
EndProject
Project("{9A19103F-16F7-4668-BE54-9A1E7A4F7556}") = "NHS111.Domain.Dos.Api.Test", "NHS111.Domain.Dos.Api.Test\NHS111.Domain.Dos.Api.Test.csproj", "{0E00F2B9-F997-4F00-97BE-122B13E98362}"
EndProject
Project("{9A19103F-16F7-4668-BE54-9A1E7A4F7556}") = "NHS111.Domain.Dos.Api.Functional.Test", "NHS111.Domain.Dos.Api.Functional.Test\NHS111.Domain.Dos.Api.Functional.Test.csproj", "{31369B3E-6BEF-41CC-8EC3-D4FFCB8295EE}"
EndProject
Project("{FAE04EC0-301F-11D3-BF4B-00C04F79EFBC}") = "NHS111.Domain.Dos.Api.Models", "NHS111.Domain.Dos.Api.Models\NHS111.Domain.Dos.Api.Models.csproj", "{907FB07A-ED2C-4C0C-A225-3B2ADF47F1ED}"
EndProject
Global
	GlobalSection(SolutionConfigurationPlatforms) = preSolution
		Debug|Any CPU = Debug|Any CPU
		Release|Any CPU = Release|Any CPU
	EndGlobalSection
	GlobalSection(ProjectConfigurationPlatforms) = postSolution
		{AB207431-1698-4E1B-9A29-9C7AA6DDE9CB}.Debug|Any CPU.ActiveCfg = Debug|Any CPU
		{AB207431-1698-4E1B-9A29-9C7AA6DDE9CB}.Debug|Any CPU.Build.0 = Debug|Any CPU
		{AB207431-1698-4E1B-9A29-9C7AA6DDE9CB}.Release|Any CPU.ActiveCfg = Release|Any CPU
		{AB207431-1698-4E1B-9A29-9C7AA6DDE9CB}.Release|Any CPU.Build.0 = Release|Any CPU
		{0E00F2B9-F997-4F00-97BE-122B13E98362}.Debug|Any CPU.ActiveCfg = Debug|Any CPU
		{0E00F2B9-F997-4F00-97BE-122B13E98362}.Debug|Any CPU.Build.0 = Debug|Any CPU
		{0E00F2B9-F997-4F00-97BE-122B13E98362}.Release|Any CPU.ActiveCfg = Release|Any CPU
		{0E00F2B9-F997-4F00-97BE-122B13E98362}.Release|Any CPU.Build.0 = Release|Any CPU
		{31369B3E-6BEF-41CC-8EC3-D4FFCB8295EE}.Debug|Any CPU.ActiveCfg = Debug|Any CPU
		{31369B3E-6BEF-41CC-8EC3-D4FFCB8295EE}.Debug|Any CPU.Build.0 = Debug|Any CPU
		{31369B3E-6BEF-41CC-8EC3-D4FFCB8295EE}.Release|Any CPU.ActiveCfg = Release|Any CPU
		{31369B3E-6BEF-41CC-8EC3-D4FFCB8295EE}.Release|Any CPU.Build.0 = Release|Any CPU
		{907FB07A-ED2C-4C0C-A225-3B2ADF47F1ED}.Debug|Any CPU.ActiveCfg = Debug|Any CPU
		{907FB07A-ED2C-4C0C-A225-3B2ADF47F1ED}.Debug|Any CPU.Build.0 = Debug|Any CPU
		{907FB07A-ED2C-4C0C-A225-3B2ADF47F1ED}.Release|Any CPU.ActiveCfg = Release|Any CPU
		{907FB07A-ED2C-4C0C-A225-3B2ADF47F1ED}.Release|Any CPU.Build.0 = Release|Any CPU
	EndGlobalSection
	GlobalSection(SolutionProperties) = preSolution
		HideSolutionNode = FALSE
	EndGlobalSection
	GlobalSection(ExtensibilityGlobals) = postSolution
		SolutionGuid = {ABC41ECD-4341-4738-AC4C-63A0D33A6E3A}
	EndGlobalSection
EndGlobal
